// !$*UTF8*$!
{
	archiveVersion = 1;
	classes = {
	};
	objectVersion = 50;
	objects = {

/* Begin PBXBuildFile section */
		46B70E6A21D7264E00F153DD /* AppDelegate.m in Sources */ = {isa = PBXBuildFile; fileRef = 46B70E6921D7264E00F153DD /* AppDelegate.m */; };
		46B70E6D21D7264E00F153DD /* ViewController.m in Sources */ = {isa = PBXBuildFile; fileRef = 46B70E6C21D7264E00F153DD /* ViewController.m */; };
		46B70E7021D7264E00F153DD /* Main.storyboard in Resources */ = {isa = PBXBuildFile; fileRef = 46B70E6E21D7264E00F153DD /* Main.storyboard */; };
		46B70E7221D7265000F153DD /* Assets.xcassets in Resources */ = {isa = PBXBuildFile; fileRef = 46B70E7121D7265000F153DD /* Assets.xcassets */; };
		46B70E7521D7265000F153DD /* LaunchScreen.storyboard in Resources */ = {isa = PBXBuildFile; fileRef = 46B70E7321D7265000F153DD /* LaunchScreen.storyboard */; };
		46B70E7821D7265000F153DD /* main.m in Sources */ = {isa = PBXBuildFile; fileRef = 46B70E7721D7265000F153DD /* main.m */; };
		46B70E8321D75D4200F153DD /* AFNetworking.framework in Frameworks */ = {isa = PBXBuildFile; fileRef = 46B70E8221D75D4200F153DD /* AFNetworking.framework */; };
/* End PBXBuildFile section */

/* Begin PBXFileReference section */
		46B70E6521D7264E00F153DD /* Carthage.app */ = {isa = PBXFileReference; explicitFileType = wrapper.application; includeInIndex = 0; path = Carthage.app; sourceTree = BUILT_PRODUCTS_DIR; };
		46B70E6821D7264E00F153DD /* AppDelegate.h */ = {isa = PBXFileReference; lastKnownFileType = sourcecode.c.h; path = AppDelegate.h; sourceTree = "<group>"; };
		46B70E6921D7264E00F153DD /* AppDelegate.m */ = {isa = PBXFileReference; lastKnownFileType = sourcecode.c.objc; path = AppDelegate.m; sourceTree = "<group>"; };
		46B70E6B21D7264E00F153DD /* ViewController.h */ = {isa = PBXFileReference; lastKnownFileType = sourcecode.c.h; path = ViewController.h; sourceTree = "<group>"; };
		46B70E6C21D7264E00F153DD /* ViewController.m */ = {isa = PBXFileReference; lastKnownFileType = sourcecode.c.objc; path = ViewController.m; sourceTree = "<group>"; };
		46B70E6F21D7264E00F153DD /* Base */ = {isa = PBXFileReference; lastKnownFileType = file.storyboard; name = Base; path = Base.lproj/Main.storyboard; sourceTree = "<group>"; };
		46B70E7121D7265000F153DD /* Assets.xcassets */ = {isa = PBXFileReference; lastKnownFileType = folder.assetcatalog; path = Assets.xcassets; sourceTree = "<group>"; };
		46B70E7421D7265000F153DD /* Base */ = {isa = PBXFileReference; lastKnownFileType = file.storyboard; name = Base; path = Base.lproj/LaunchScreen.storyboard; sourceTree = "<group>"; };
		46B70E7621D7265000F153DD /* Info.plist */ = {isa = PBXFileReference; lastKnownFileType = text.plist.xml; path = Info.plist; sourceTree = "<group>"; };
		46B70E7721D7265000F153DD /* main.m */ = {isa = PBXFileReference; lastKnownFileType = sourcecode.c.objc; path = main.m; sourceTree = "<group>"; };
		46B70E8221D75D4200F153DD /* AFNetworking.framework */ = {isa = PBXFileReference; lastKnownFileType = wrapper.framework; name = AFNetworking.framework; path = Build/iOS/AFNetworking.framework; sourceTree = "<group>"; };
/* End PBXFileReference section */

/* Begin PBXFrameworksBuildPhase section */
		46B70E6221D7264E00F153DD /* Frameworks */ = {
			isa = PBXFrameworksBuildPhase;
			buildActionMask = 2147483647;
			files = (
				46B70E8321D75D4200F153DD /* AFNetworking.framework in Frameworks */,
			);
			runOnlyForDeploymentPostprocessing = 0;
		};
/* End PBXFrameworksBuildPhase section */

/* Begin PBXGroup section */
		46B70E5C21D7264E00F153DD = {
			isa = PBXGroup;
			children = (
				46B70E6721D7264E00F153DD /* Carthage */,
				46B70E6621D7264E00F153DD /* Products */,
			);
			sourceTree = "<group>";
		};
		46B70E6621D7264E00F153DD /* Products */ = {
			isa = PBXGroup;
			children = (
				46B70E6521D7264E00F153DD /* Carthage.app */,
			);
			name = Products;
			sourceTree = "<group>";
		};
		46B70E6721D7264E00F153DD /* Carthage */ = {
			isa = PBXGroup;
			children = (
				46B70E8221D75D4200F153DD /* AFNetworking.framework */,
				46B70E6821D7264E00F153DD /* AppDelegate.h */,
				46B70E6921D7264E00F153DD /* AppDelegate.m */,
				46B70E6B21D7264E00F153DD /* ViewController.h */,
				46B70E6C21D7264E00F153DD /* ViewController.m */,
				46B70E6E21D7264E00F153DD /* Main.storyboard */,
				46B70E7121D7265000F153DD /* Assets.xcassets */,
				46B70E7321D7265000F153DD /* LaunchScreen.storyboard */,
				46B70E7621D7265000F153DD /* Info.plist */,
				46B70E7721D7265000F153DD /* main.m */,
			);
			path = Carthage;
			sourceTree = "<group>";
		};
/* End PBXGroup section */

/* Begin PBXNativeTarget section */
		46B70E6421D7264E00F153DD /* Carthage */ = {
			isa = PBXNativeTarget;
			buildConfigurationList = 46B70E7B21D7265000F153DD /* Build configuration list for PBXNativeTarget "Carthage" */;
			buildPhases = (
				46B70E6121D7264E00F153DD /* Sources */,
				46B70E6221D7264E00F153DD /* Frameworks */,
				46B70E6321D7264E00F153DD /* Resources */,
				46B70E8121D757C600F153DD /* ShellScript */,
			);
			buildRules = (
			);
			dependencies = (
			);
			name = Carthage;
			productName = Carthage;
			productReference = 46B70E6521D7264E00F153DD /* Carthage.app */;
			productType = "com.apple.product-type.application";
		};
/* End PBXNativeTarget section */

/* Begin PBXProject section */
		46B70E5D21D7264E00F153DD /* Project object */ = {
			isa = PBXProject;
			attributes = {
				LastUpgradeCheck = 0940;
				ORGANIZATIONNAME = Maizi;
				TargetAttributes = {
					46B70E6421D7264E00F153DD = {
						CreatedOnToolsVersion = 9.4;
					};
				};
			};
			buildConfigurationList = 46B70E6021D7264E00F153DD /* Build configuration list for PBXProject "Carthage" */;
			compatibilityVersion = "Xcode 9.3";
			developmentRegion = en;
			hasScannedForEncodings = 0;
			knownRegions = (
				en,
				Base,
			);
			mainGroup = 46B70E5C21D7264E00F153DD;
			productRefGroup = 46B70E6621D7264E00F153DD /* Products */;
			projectDirPath = "";
			projectRoot = "";
			targets = (
				46B70E6421D7264E00F153DD /* Carthage */,
			);
		};
/* End PBXProject section */

/* Begin PBXResourcesBuildPhase section */
		46B70E6321D7264E00F153DD /* Resources */ = {
			isa = PBXResourcesBuildPhase;
			buildActionMask = 2147483647;
			files = (
				46B70E7521D7265000F153DD /* LaunchScreen.storyboard in Resources */,
				46B70E7221D7265000F153DD /* Assets.xcassets in Resources */,
				46B70E7021D7264E00F153DD /* Main.storyboard in Resources */,
			);
			runOnlyForDeploymentPostprocessing = 0;
		};
/* End PBXResourcesBuildPhase section */

/* Begin PBXShellScriptBuildPhase section */
		46B70E8121D757C600F153DD /* ShellScript */ = {
			isa = PBXShellScriptBuildPhase;
			buildActionMask = 2147483647;
			files = (
			);
			inputPaths = (
				"$(SRCROOT)/Carthage/Build/iOS/AFNetworking.framework",
			);
			outputPaths = (
				"$(BUILT_PRODUCTS_DIR)/$(FRAMEWORKS_FOLDER_PATH)/AFNetworking.framework",
			);
			runOnlyForDeploymentPostprocessing = 0;
			shellPath = /bin/sh;
			shellScript = "/usr/local/bin/carthage copy-frameworks";
		};
/* End PBXShellScriptBuildPhase section */

/* Begin PBXSourcesBuildPhase section */
		46B70E6121D7264E00F153DD /* Sources */ = {
			isa = PBXSourcesBuildPhase;
			buildActionMask = 2147483647;
			files = (
				46B70E6D21D7264E00F153DD /* ViewController.m in Sources */,
				46B70E7821D7265000F153DD /* main.m in Sources */,
				46B70E6A21D7264E00F153DD /* AppDelegate.m in Sources */,
			);
			runOnlyForDeploymentPostprocessing = 0;
		};
/* End PBXSourcesBuildPhase section */

/* Begin PBXVariantGroup section */
		46B70E6E21D7264E00F153DD /* Main.storyboard */ = {
			isa = PBXVariantGroup;
			children = (
				46B70E6F21D7264E00F153DD /* Base */,
			);
			name = Main.storyboard;
			sourceTree = "<group>";
		};
		46B70E7321D7265000F153DD /* LaunchScreen.storyboard */ = {
			isa = PBXVariantGroup;
			children = (
				46B70E7421D7265000F153DD /* Base */,
			);
			name = LaunchScreen.storyboard;
			sourceTree = "<group>";
		};
/* End PBXVariantGroup section */

/* Begin XCBuildConfiguration section */
		46B70E7921D7265000F153DD /* Debug */ = {
			isa = XCBuildConfiguration;
			buildSettings = {
				ALWAYS_SEARCH_USER_PATHS = NO;
				CLANG_ANALYZER_NONNULL = YES;
				CLANG_ANALYZER_NUMBER_OBJECT_CONVERSION = YES_AGGRESSIVE;
				CLANG_CXX_LANGUAGE_STANDARD = "gnu++14";
				CLANG_CXX_LIBRARY = "libc++";
				CLANG_ENABLE_MODULES = YES;
				CLANG_ENABLE_OBJC_ARC = YES;
				CLANG_ENABLE_OBJC_WEAK = YES;
				CLANG_WARN_BLOCK_CAPTURE_AUTORELEASING = YES;
				CLANG_WARN_BOOL_CONVERSION = YES;
				CLANG_WARN_COMMA = YES;
				CLANG_WARN_CONSTANT_CONVERSION = YES;
				CLANG_WARN_DEPRECATED_OBJC_IMPLEMENTATIONS = YES;
				CLANG_WARN_DIRECT_OBJC_ISA_USAGE = YES_ERROR;
				CLANG_WARN_DOCUMENTATION_COMMENTS = YES;
				CLANG_WARN_EMPTY_BODY = YES;
				CLANG_WARN_ENUM_CONVERSION = YES;
				CLANG_WARN_INFINITE_RECURSION = YES;
				CLANG_WARN_INT_CONVERSION = YES;
				CLANG_WARN_NON_LITERAL_NULL_CONVERSION = YES;
				CLANG_WARN_OBJC_IMPLICIT_RETAIN_SELF = YES;
				CLANG_WARN_OBJC_LITERAL_CONVERSION = YES;
				CLANG_WARN_OBJC_ROOT_CLASS = YES_ERROR;
				CLANG_WARN_RANGE_LOOP_ANALYSIS = YES;
				CLANG_WARN_STRICT_PROTOTYPES = YES;
				CLANG_WARN_SUSPICIOUS_MOVE = YES;
				CLANG_WARN_UNGUARDED_AVAILABILITY = YES_AGGRESSIVE;
				CLANG_WARN_UNREACHABLE_CODE = YES;
				CLANG_WARN__DUPLICATE_METHOD_MATCH = YES;
				CODE_SIGN_IDENTITY = "iPhone Developer";
				COPY_PHASE_STRIP = NO;
				DEBUG_INFORMATION_FORMAT = dwarf;
				ENABLE_STRICT_OBJC_MSGSEND = YES;
				ENABLE_TESTABILITY = YES;
				GCC_C_LANGUAGE_STANDARD = gnu11;
				GCC_DYNAMIC_NO_PIC = NO;
				GCC_NO_COMMON_BLOCKS = YES;
				GCC_OPTIMIZATION_LEVEL = 0;
				GCC_PREPROCESSOR_DEFINITIONS = (
					"DEBUG=1",
					"$(inherited)",
				);
				GCC_WARN_64_TO_32_BIT_CONVERSION = YES;
				GCC_WARN_ABOUT_RETURN_TYPE = YES_ERROR;
				GCC_WARN_UNDECLARED_SELECTOR = YES;
				GCC_WARN_UNINITIALIZED_AUTOS = YES_AGGRESSIVE;
				GCC_WARN_UNUSED_FUNCTION = YES;
				GCC_WARN_UNUSED_VARIABLE = YES;
				IPHONEOS_DEPLOYMENT_TARGET = 11.4;
				MTL_ENABLE_DEBUG_INFO = YES;
				ONLY_ACTIVE_ARCH = YES;
				SDKROOT = iphoneos;
			};
			name = Debug;
		};
		46B70E7A21D7265000F153DD /* Release */ = {
			isa = XCBuildConfiguration;
			buildSettings = {
				ALWAYS_SEARCH_USER_PATHS = NO;
				CLANG_ANALYZER_NONNULL = YES;
				CLANG_ANALYZER_NUMBER_OBJECT_CONVERSION = YES_AGGRESSIVE;
				CLANG_CXX_LANGUAGE_STANDARD = "gnu++14";
				CLANG_CXX_LIBRARY = "libc++";
				CLANG_ENABLE_MODULES = YES;
				CLANG_ENABLE_OBJC_ARC = YES;
				CLANG_ENABLE_OBJC_WEAK = YES;
				CLANG_WARN_BLOCK_CAPTURE_AUTORELEASING = YES;
				CLANG_WARN_BOOL_CONVERSION = YES;
				CLANG_WARN_COMMA = YES;
				CLANG_WARN_CONSTANT_CONVERSION = YES;
				CLANG_WARN_DEPRECATED_OBJC_IMPLEMENTATIONS = YES;
				CLANG_WARN_DIRECT_OBJC_ISA_USAGE = YES_ERROR;
				CLANG_WARN_DOCUMENTATION_COMMENTS = YES;
				CLANG_WARN_EMPTY_BODY = YES;
				CLANG_WARN_ENUM_CONVERSION = YES;
				CLANG_WARN_INFINITE_RECURSION = YES;
				CLANG_WARN_INT_CONVERSION = YES;
				CLANG_WARN_NON_LITERAL_NULL_CONVERSION = YES;
				CLANG_WARN_OBJC_IMPLICIT_RETAIN_SELF = YES;
				CLANG_WARN_OBJC_LITERAL_CONVERSION = YES;
				CLANG_WARN_OBJC_ROOT_CLASS = YES_ERROR;
				CLANG_WARN_RANGE_LOOP_ANALYSIS = YES;
				CLANG_WARN_STRICT_PROTOTYPES = YES;
				CLANG_WARN_SUSPICIOUS_MOVE = YES;
				CLANG_WARN_UNGUARDED_AVAILABILITY = YES_AGGRESSIVE;
				CLANG_WARN_UNREACHABLE_CODE = YES;
				CLANG_WARN__DUPLICATE_METHOD_MATCH = YES;
				CODE_SIGN_IDENTITY = "iPhone Developer";
				COPY_PHASE_STRIP = NO;
				DEBUG_INFORMATION_FORMAT = "dwarf-with-dsym";
				ENABLE_NS_ASSERTIONS = NO;
				ENABLE_STRICT_OBJC_MSGSEND = YES;
				GCC_C_LANGUAGE_STANDARD = gnu11;
				GCC_NO_COMMON_BLOCKS = YES;
				GCC_WARN_64_TO_32_BIT_CONVERSION = YES;
				GCC_WARN_ABOUT_RETURN_TYPE = YES_ERROR;
				GCC_WARN_UNDECLARED_SELECTOR = YES;
				GCC_WARN_UNINITIALIZED_AUTOS = YES_AGGRESSIVE;
				GCC_WARN_UNUSED_FUNCTION = YES;
				GCC_WARN_UNUSED_VARIABLE = YES;
				IPHONEOS_DEPLOYMENT_TARGET = 11.4;
				MTL_ENABLE_DEBUG_INFO = NO;
				SDKROOT = iphoneos;
				VALIDATE_PRODUCT = YES;
			};
			name = Release;
		};
		46B70E7C21D7265000F153DD /* Debug */ = {
			isa = XCBuildConfiguration;
			buildSettings = {
				ASSETCATALOG_COMPILER_APPICON_NAME = AppIcon;
				CODE_SIGN_STYLE = Automatic;
				DEVELOPMENT_TEAM = VGYK7VPF6P;
				FRAMEWORK_SEARCH_PATHS = (
					"$(inherited)",
					"$(PROJECT_DIR)/Carthage/Build/iOS",
				);
				INFOPLIST_FILE = Carthage/Info.plist;
				LD_RUNPATH_SEARCH_PATHS = (
					"$(inherited)",
					"@executable_path/Frameworks",
				);
				PRODUCT_BUNDLE_IDENTIFIER = com.dazhi.viewtest.Carthage;
				PRODUCT_NAME = "$(TARGET_NAME)";
				TARGETED_DEVICE_FAMILY = "1,2";
			};
			name = Debug;
		};
		46B70E7D21D7265000F153DD /* Release */ = {
			isa = XCBuildConfiguration;
			buildSettings = {
				ASSETCATALOG_COMPILER_APPICON_NAME = AppIcon;
				CODE_SIGN_STYLE = Automatic;
				DEVELOPMENT_TEAM = VGYK7VPF6P;
				FRAMEWORK_SEARCH_PATHS = (
					"$(inherited)",
					"$(PROJECT_DIR)/Carthage/Build/iOS",
				);
				INFOPLIST_FILE = Carthage/Info.plist;
				LD_RUNPATH_SEARCH_PATHS = (
					"$(inherited)",
					"@executable_path/Frameworks",
				);
				PRODUCT_BUNDLE_IDENTIFIER = com.dazhi.viewtest.Carthage;
				PRODUCT_NAME = "$(TARGET_NAME)";
				TARGETED_DEVICE_FAMILY = "1,2";
			};
			name = Release;
		};
/* End XCBuildConfiguration section */

/* Begin XCConfigurationList section */
		46B70E6021D7264E00F153DD /* Build configuration list for PBXProject "Carthage" */ = {
			isa = XCConfigurationList;
			buildConfigurations = (
				46B70E7921D7265000F153DD /* Debug */,
				46B70E7A21D7265000F153DD /* Release */,
			);
			defaultConfigurationIsVisible = 0;
			defaultConfigurationName = Release;
		};
		46B70E7B21D7265000F153DD /* Build configuration list for PBXNativeTarget "Carthage" */ = {
			isa = XCConfigurationList;
			buildConfigurations = (
				46B70E7C21D7265000F153DD /* Debug */,
				46B70E7D21D7265000F153DD /* Release */,
			);
			defaultConfigurationIsVisible = 0;
			defaultConfigurationName = Release;
		};
/* End XCConfigurationList section */
	};
	rootObject = 46B70E5D21D7264E00F153DD /* Project object */;
}
